# This file is automatically @generated by Poetry 2.2.1 and should not be changed by hand.

[[package]]
name = "colorama"
version = "0.4.6"
description = "Cross-platform colored terminal text."
optional = false
python-versions = "!=3.0.*,!=3.1.*,!=3.2.*,!=3.3.*,!=3.4.*,!=3.5.*,!=3.6.*,>=2.7"
groups = ["dev"]
markers = "sys_platform == \"win32\""
files = [
    {file = "colorama-0.4.6-py2.py3-none-any.whl", hash = "sha256:4f1d9991f5acc0ca119f9d443620b77f9d6b33703e51011c16baf57afb285fc6"},
    {file = "colorama-0.4.6.tar.gz", hash = "sha256:08695f5cb7ed6e0531a20572697297273c47b8cae5a63ffc6d6ed5c201be6e44"},
]

[[package]]
name = "iniconfig"
version = "2.1.0"
description = "brain-dead simple config-ini parsing"
optional = false
python-versions = ">=3.8"
groups = ["dev"]
files = [
    {file = "iniconfig-2.1.0-py3-none-any.whl", hash = "sha256:9deba5723312380e77435581c6bf4935c94cbfab9b1ed33ef8d238ea168eb760"},
    {file = "iniconfig-2.1.0.tar.gz", hash = "sha256:3abbd2e30b36733fee78f9c7f7308f2d0050e88f0087fd25c2645f63c773e1c7"},
]

[[package]]
name = "orjson"
version = "3.11.8"
description = "Fast, correct Python JSON library supporting dataclasses, datetimes, and numpy"
optional = false
python-versions = ">=3.10"
groups = ["dev"]
files = [
    {file = "orjson-3.11.8-cp310-cp310-macosx_10_15_x86_64.macosx_11_0_arm64.macosx_10_15_universal2.whl", hash = "sha256:e6693ff90018600c72fd18d3d22fa438be26076cd3c823da5f63f7bab28c11cb"},
    {file = "orjson-3.11.8-cp310-cp310-manylinux_2_17_aarch64.manylinux2014_aarch64.whl", hash = "sha256:93de06bc920854552493c81f1f729fab7213b7db4b8195355db5fda02c7d1363"},
    {file = "orjson-3.11.8-cp310-cp310-manylinux_2_17_armv7l.manylinux2014_armv7l.whl", hash = "sha256:fe0b8c83e0f36247fc9431ce5425a5d95f9b3a689133d494831bdbd6f0bceb13"},
    {file = "orjson-3.11.8-cp310-cp310-manylinux_2_17_i686.manylinux2014_i686.whl", hash = "sha256:97d823831105c01f6c8029faf297633dbeb30271892bd430e9c24ceae3734744"},
    {file = "orjson-3.11.8-cp310-cp310-manylinux_2_17_ppc64le.manylinux2014_ppc64le.whl", hash = "sha256:c60c0423f15abb6cf78f56dff00168a1b582f7a1c23f114036e2bfc697814d5f"},
    {file = "orjson-3.11.8-cp310-cp310-manylinux_2_17_s390x.manylinux2014_s390x.whl", hash = "sha256:01928d0476b216ad2201823b0a74000440360cef4fed1912d297b8d84718f277"},
    {file = "orjson-3.11.8-cp310-cp310-manylinux_2_17_x86_64.manylinux2014_x86_64.whl", hash = "sha256:6a4a639049c44d36a6d1ae0f4a94b271605c745aee5647fa8ffaabcdc01b69a6"},
    {file = "orjson-3.11.8-cp310-cp310-musllinux_1_2_aarch64.whl", hash = "sha256:3222adff1e1ff0dce93c16146b93063a7793de6c43d52309ae321234cdaf0f4d"},
    {file = "orjson-3.11.8-cp310-cp310-musllinux_1_2_armv7l.whl", hash = "sha256:3223665349bbfb68da234acd9846955b1a0808cbe5520ff634bf253a4407009b"},
    {file = "orjson-3.11.8-cp310-cp310-musllinux_1_2_i686.whl", hash = "sha256:61c9d357a59465736022d5d9ba06687afb7611dfb581a9d2129b77a6fcf78e59"},
    {file = "orjson-3.11.8-cp310-cp310-musllinux_1_2_x86_64.whl", hash = "sha256:58fb9b17b4472c7b1dcf1a54583629e62e23779b2331052f09a9249edf81675b"},
    {file = "orjson-3.11.8-cp310-cp310-win32.whl", hash = "sha256:b43dc2a391981d36c42fa57747a49dae793ef1d2e43898b197925b5534abd10a"},
    {file = "orjson-3.11.8-cp310-cp310-win_amd64.whl", hash = "sha256:c98121237fea2f679480765abd566f7713185897f35c9e6c2add7e3a9900eb61"},
    {file = "orjson-3.11.8-cp311-cp311-macosx_10_15_x86_64.macosx_11_0_arm64.macosx_10_15_universal2.whl", hash = "sha256:003646067cc48b7fcab2ae0c562491c9b5d2cbd43f1e5f16d98fd118c5522d34"},
    {file = "orjson-3.11.8-cp311-cp311-macosx_15_0_arm64.whl", hash = "sha256:ed193ce51d77a3830cad399a529cd4ef029968761f43ddc549e1bc62b40d88f8"},
    {file = "orjson-3.11.8-cp311-cp311-manylinux_2_17_aarch64.manylinux2014_aarch64.whl", hash = "sha256:f30491bc4f862aa15744b9738517454f1e46e56c972a2be87d70d727d5b2a8f8"},
    {file = "orjson-3.11.8-cp311-cp311-manylinux_2_17_armv7l.manylinux2014_armv7l.whl", hash = "sha256:6eda5b8b6be91d3f26efb7dc6e5e68ee805bc5617f65a328587b35255f138bf4"},
    {file = "orjson-3.11.8-cp311-cp311-manylinux_2_17_i686.manylinux2014_i686.whl", hash = "sha256:ee8db7bfb6fe03581bbab54d7c4124a6dd6a7f4273a38f7267197890f094675f"},
    {file = "orjson-3.11.8-cp311-cp311-manylinux_2_17_ppc64le.manylinux2014_ppc64le.whl", hash = "sha256:5d8b5231de76c528a46b57010bbd83fb51e056aa0220a372fd5065e978406f1c"},
    {file = "orjson-3.11.8-cp311-cp311-manylinux_2_17_s390x.manylinux2014_s390x.whl", hash = "sha256:58a4a208a6fbfdb7a7327b8f201c6014f189f721fd55d047cafc4157af1bc62a"},
    {file = "orjson-3.11.8-cp311-cp311-manylinux_2_17_x86_64.manylinux2014_x86_64.whl", hash = "sha256:5f8952d6d2505c003e8f0224ff7858d341fa4e33fef82b91c4ff0ef070f2393c"},
    {file = "orjson-3.11.8-cp311-cp311-musllinux_1_2_aarch64.whl", hash = "sha256:0022bb50f90da04b009ce32c512dc1885910daa7cb10b7b0cba4505b16db82a8"},
    {file = "orjson-3.11.8-cp311-cp311-musllinux_1_2_armv7l.whl", hash = "sha256:ff51f9d657d1afb6f410cb435792ce4e1fe427aab23d2fcd727a2876e21d4cb6"},
    {file = "orjson-3.11.8-cp311-cp311-musllinux_1_2_i686.whl", hash = "sha256:6dbe9a97bdb4d8d9d5367b52a7c32549bba70b2739c58ef74a6964a6d05ae054"},
    {file = "orjson-3.11.8-cp311-cp311-musllinux_1_2_x86_64.whl", hash = "sha256:a5c370674ebabe16c6ccac33ff80c62bf8a6e59439f5e9d40c1f5ab8fd2215b7"},
    {file = "orjson-3.11.8-cp311-cp311-win32.whl", hash = "sha256:0e32f7154299f42ae66f13488963269e5eccb8d588a65bc839ed986919fc9fac"},
    {file = "orjson-3.11.8-cp311-cp311-win_amd64.whl", hash = "sha256:25e0c672a2e32348d2eb33057b41e754091f2835f87222e4675b796b92264f06"},
    {file = "orjson-3.11.8-cp311-cp311-win_arm64.whl", hash = "sha256:9185589c1f2a944c17e26c9925dcdbc2df061cc4a145395c57f0c51f9b5dbfcd"},
    {file = "orjson-3.11.8-cp312-cp312-macosx_10_15_x86_64.macosx_11_0_arm64.macosx_10_15_universal2.whl", hash = "sha256:1cd0b77e77c95758f8e1100139844e99f3ccc87e71e6fc8e1c027e55807c549f"},
    {file = "orjson-3.11.8-cp312-cp312-macosx_15_0_arm64.whl", hash = "sha256:6a3d159d5ffa0e3961f353c4b036540996bf8b9697ccc38261c0eac1fd3347a6"},
    {file = "orjson-3.11.8-cp312-cp312-manylinux_2_17_aarch64.manylinux2014_aarch64.whl", hash = "sha256:76070a76e9c5ae661e2d9848f216980d8d533e0f8143e6ed462807b242e3c5e8"},
    {file = "orjson-3.11.8-cp312-cp312-manylinux_2_17_armv7l.manylinux2014_armv7l.whl", hash = "sha256:54153d21520a71a4c82a0dbb4523e468941d549d221dc173de0f019678cf3813"},
    {file = "orjson-3.11.8-cp312-cp312-manylinux_2_17_i686.manylinux2014_i686.whl", hash = "sha256:469ac2125611b7c5741a0b3798cd9e5786cbad6345f9f400c77212be89563bec"},
    {file = "orjson-3.11.8-cp312-cp312-manylinux_2_17_ppc64le.manylinux2014_ppc64le.whl", hash = "sha256:14778ffd0f6896aa613951a7fbf4690229aa7a543cb2bfbe9f358e08aafa9546"},
    {file = "orjson-3.11.8-cp312-cp312-manylinux_2_17_s390x.manylinux2014_s390x.whl", hash = "sha256:ea56a955056a6d6c550cf18b3348656a9d9a4f02e2d0c02cabf3c73f1055d506"},
    {file = "orjson-3.11.8-cp312-cp312-manylinux_2_17_x86_64.manylinux2014_x86_64.whl", hash = "sha256:53a0f57e59a530d18a142f4d4ba6dfc708dc5fdedce45e98ff06b44930a2a48f"},
    {file = "orjson-3.11.8-cp312-cp312-musllinux_1_2_aarch64.whl", hash = "sha256:9b48e274f8824567d74e2158199e269597edf00823a1b12b63d48462bbf5123e"},
    {file = "orjson-3.11.8-cp312-cp312-musllinux_1_2_armv7l.whl", hash = "sha256:3f262401086a3960586af06c054609365e98407151f5ea24a62893a40d80dbbb"},
    {file = "orjson-3.11.8-cp312-cp312-musllinux_1_2_i686.whl", hash = "sha256:8e8c6218b614badf8e229b697865df4301afa74b791b6c9ade01d19a9953a942"},
    {file = "orjson-3.11.8-cp312-cp312-musllinux_1_2_x86_64.whl", hash = "sha256:093d489fa039ddade2db541097dbb484999fcc65fc2b0ff9819141e2ab364f25"},
    {file = "orjson-3.11.8-cp312-cp312-win32.whl", hash = "sha256:e0950ed1bcb9893f4293fd5c5a7ee10934fbf82c4101c70be360db23ce24b7d2"},
    {file = "orjson-3.11.8-cp312-cp312-win_amd64.whl", hash = "sha256:3cf17c141617b88ced4536b2135c552490f07799f6ad565948ea07bef0dcb9a6"},
    {file = "orjson-3.11.8-cp312-cp312-win_arm64.whl", hash = "sha256:48854463b0572cc87dac7d981aa72ed8bf6deedc0511853dc76b8bbd5482d36d"},
    {file = "orjson-3.11.8-cp313-cp313-macosx_10_15_x86_64.macosx_11_0_arm64.macosx_10_15_universal2.whl", hash = "sha256:3f23426851d98478c8970da5991f84784a76682213cd50eb73a1da56b95239dc"},
    {file = "orjson-3.11.8-cp313-cp313-macosx_15_0_arm64.whl", hash = "sha256:ebaed4cef74a045b83e23537b52ef19a367c7e3f536751e355a2a394f8648559"},
    {file = "orjson-3.11.8-cp313-cp313-manylinux_2_17_aarch64.manylinux2014_aarch64.whl", hash = "sha256:97c8f5d3b62380b70c36ffacb2a356b7c6becec86099b177f73851ba095ef623"},
    {file = "orjson-3.11.8-cp313-cp313-manylinux_2_17_armv7l.manylinux2014_armv7l.whl", hash = "sha256:436c4922968a619fb7fef1ccd4b8b3a76c13b67d607073914d675026e911a65c"},
    {file = "orjson-3.11.8-cp313-cp313-manylinux_2_17_i686.manylinux2014_i686.whl", hash = "sha256:1ab359aff0436d80bfe8a23b46b5fea69f1e18aaf1760a709b4787f1318b317f"},
    {file = "orjson-3.11.8-cp313-cp313-manylinux_2_17_ppc64le.manylinux2014_ppc64le.whl", hash = "sha256:f89b6d0b3a8d81e1929d3ab3d92bbc225688bd80a770c49432543928fe09ac55"},
    {file = "orjson-3.11.8-cp313-cp313-manylinux_2_17_s390x.manylinux2014_s390x.whl", hash = "sha256:29c009e7a2ca9ad0ed1376ce20dd692146a5d9fe4310848904b6b4fee5c5c137"},
    {file = "orjson-3.11.8-cp313-cp313-manylinux_2_17_x86_64.manylinux2014_x86_64.whl", hash = "sha256:705b895b781b3e395c067129d8551655642dfe9437273211d5404e87ac752b53"},
    {file = "orjson-3.11.8-cp313-cp313-musllinux_1_2_aarch64.whl", hash = "sha256:88006eda83858a9fdf73985ce3804e885c2befb2f506c9a3723cdeb5a2880e3e"},
    {file = "orjson-3.11.8-cp313-cp313-musllinux_1_2_armv7l.whl", hash = "sha256:55120759e61309af7fcf9e961c6f6af3dde5921cdb3ee863ef63fd9db126cae6"},
    {file = "orjson-3.11.8-cp313-cp313-musllinux_1_2_i686.whl", hash = "sha256:98bdc6cb889d19bed01de46e67574a2eab61f5cc6b768ed50e8ac68e9d6ffab6"},
    {file = "orjson-3.11.8-cp313-cp313-musllinux_1_2_x86_64.whl", hash = "sha256:708c95f925a43ab9f34625e45dcdadf09ec8a6e7b664a938f2f8d5650f6c090b"},
    {file = "orjson-3.11.8-cp313-cp313-win32.whl", hash = "sha256:01c4e5a6695dc09098f2e6468a251bc4671c50922d4d745aff1a0a33a0cf5b8d"},
    {file = "orjson-3.11.8-cp313-cp313-win_amd64.whl", hash = "sha256:c154a35dd1330707450bb4d4e7dd1f17fa6f42267a40c1e8a1daa5e13719b4b8"},
    {file = "orjson-3.11.8-cp313-cp313-win_arm64.whl", hash = "sha256:4861bde57f4d253ab041e374f44023460e60e71efaa121f3c5f0ed457c3a701e"},
    {file = "orjson-3.11.8-cp314-cp314-macosx_10_15_x86_64.macosx_11_0_arm64.macosx_10_15_universal2.whl", hash = "sha256:ec795530a73c269a55130498842aaa762e4a939f6ce481a7e986eeaa790e9da4"},
    {file = "orjson-3.11.8-cp314-cp314-macosx_15_0_arm64.whl", hash = "sha256:c492a0e011c0f9066e9ceaa896fbc5b068c54d365fea5f3444b697ee01bc8625"},
    {file = "orjson-3.11.8-cp314-cp314-manylinux_2_17_aarch64.manylinux2014_aarch64.whl", hash = "sha256:883206d55b1bd5f5679ad5e6ddd3d1a5e3cac5190482927fdb8c78fb699193b5"},
    {file = "orjson-3.11.8-cp314-cp314-manylinux_2_17_armv7l.manylinux2014_armv7l.whl", hash = "sha256:5774c1fdcc98b2259800b683b19599c133baeb11d60033e2095fd9d4667b82db"},
    {file = "orjson-3.11.8-cp314-cp314-manylinux_2_17_i686.manylinux2014_i686.whl", hash = "sha256:8ac7381c83dd3d4a6347e6635950aa448f54e7b8406a27c7ecb4a37e9f1ae08b"},
    {file = "orjson-3.11.8-cp314-cp314-manylinux_2_17_ppc64le.manylinux2014_ppc64le.whl", hash = "sha256:14439063aebcb92401c11afc68ee4e407258d2752e62d748b6942dad20d2a70d"},
    {file = "orjson-3.11.8-cp314-cp314-manylinux_2_17_s390x.manylinux2014_s390x.whl", hash = "sha256:fa72e71977bff96567b0f500fc5bfd2fdf915f34052c782a4c6ebbdaa97aa858"},
    {file = "orjson-3.11.8-cp314-cp314-manylinux_2_17_x86_64.manylinux2014_x86_64.whl", hash = "sha256:7679bc2f01bb0d219758f1a5f87bb7c8a81c0a186824a393b366876b4948e14f"},
    {file = "orjson-3.11.8-cp314-cp314-musllinux_1_2_aarch64.whl", hash = "sha256:14f7b8fcb35ef403b42fa5ecfa4ed032332a91f3dc7368fbce4184d59e1eae0d"},
    {file = "orjson-3.11.8-cp314-cp314-musllinux_1_2_armv7l.whl", hash = "sha256:c2bdf7b2facc80b5e34f48a2d557727d5c5c57a8a450de122ae81fa26a81c1bc"},
    {file = "orjson-3.11.8-cp314-cp314-musllinux_1_2_i686.whl", hash = "sha256:ccd7ba1b0605813a0715171d39ec4c314cb97a9c85893c2c5c0c3a3729df38bf"},
    {file = "orjson-3.11.8-cp314-cp314-musllinux_1_2_x86_64.whl", hash = "sha256:cdbc8c9c02463fef4d3c53a9ba3336d05496ec8e1f1c53326a1e4acc11f5c600"},
    {file = "orjson-3.11.8-cp314-cp314-win32.whl", hash = "sha256:0b57f67710a8cd459e4e54eb96d5f77f3624eba0c661ba19a525807e42eccade"},
    {file = "orjson-3.11.8-cp314-cp314-win_amd64.whl", hash = "sha256:735e2262363dcbe05c35e3a8869898022af78f89dde9e256924dc02e99fe69ca"},
    {file = "orjson-3.11.8-cp314-cp314-win_arm64.whl", hash = "sha256:6ccdea2c213cf9f3d9490cbd5d427693c870753df41e6cb375bd79bcbafc8817"},
    {file = "orjson-3.11.8.tar.gz", hash = "sha256:96163d9cdc5a202703e9ad1b9ae757d5f0ca62f4fa0cc93d1f27b0e180cc404e"},
]

[[package]]
name = "packaging"
version = "25.0"
description = "Core utilities for Python packages"
optional = false
python-versions = ">=3.8"
groups = ["dev"]
files = [
    {file = "packaging-25.0-py3-none-any.whl", hash = "sha256:29572ef2b1f17581046b3a2227d5c611fb25ec70ca1ba8554b24b0e69331a484"},
    {file = "packaging-25.0.tar.gz", hash = "sha256:d443872c98d677bf60f6a1f2f8c1cb748e8fe762d2bf9d3148b5599295b0fc4f"},
]

[[package]]
name = "pluggy"
version = "1.6.0"
description = "plugin and hook calling mechanisms for python"
optional = false
python-versions = ">=3.9"
groups = ["dev"]
files = [
    {file = "pluggy-1.6.0-py3-none-any.whl", hash = "sha256:e920276dd6813095e9377c0bc5566d94c932c33b27a3e3945d8389c374dd4746"},
    {file = "pluggy-1.6.0.tar.gz", hash = "sha256:7dcc130b76258d33b90f61b658791dede3486c3e6bfb003ee5c9bfb396dd22f3"},
]

[package.extras]
dev = ["pre-commit", "tox"]
testing = ["coverage", "pytest", "pytest-benchmark"]

[[package]]
name = "pygments"
version = "2.19.2"
description = "Pygments is a syntax highlighting package written in Python."
optional = false
python-versions = ">=3.8"
groups = ["dev"]
files = [
    {file = "pygments-2.19.2-py3-none-any.whl", hash = "sha256:86540386c03d588bb81d44bc3928634ff26449851e99741617ecb9037ee5ec0b"},
    {file = "pygments-2.19.2.tar.gz", hash = "sha256:636cb2477cec7f8952536970bc533bc43743542f70392ae026374600add5b887"},
]

[package.extras]
windows-terminal = ["colorama (>=0.4.6)"]

[[package]]
name = "pytest"
version = "8.4.2"
description = "pytest: simple powerful testing with Python"
optional = false
python-versions = ">=3.9"
groups = ["dev"]
files = [
    {file = "pytest-8.4.2-py3-none-any.whl", hash = "sha256:872f880de3fc3a5bdc88a11b39c9710c3497a547cfa9320bc3c5e62fbf272e79"},
    {file = "pytest-8.4.2.tar.gz", hash = "sha256:86c0d0b93306b961d58d62a4db4879f27fe25513d4b969df351abdddb3c30e01"},
]

[package.dependencies]
colorama = {version = ">=0.4", markers = "sys_platform == \"win32\""}
iniconfig = ">=1"
packaging = ">=20"
pluggy = ">=1.5,<2"
pygments = ">=2.7.2"

[package.extras]
dev = ["argcomplete", "attrs (>=19.2)", "hypothesis (>=3.56)", "mock", "requests", "setuptools", "xmlschema"]

[[package]]
name = "pytest-asyncio"
version = "0.23.8"
description = "Pytest support for asyncio"
optional = false
python-versions = ">=3.8"
groups = ["dev"]
files = [
    {file = "pytest_asyncio-0.23.8-py3-none-any.whl", hash = "sha256:50265d892689a5faefb84df80819d1ecef566eb3549cf915dfb33569359d1ce2"},
    {file = "pytest_asyncio-0.23.8.tar.gz", hash = "sha256:759b10b33a6dc61cce40a8bd5205e302978bbbcc00e279a8b61d9a6a3c82e4d3"},
]

[package.dependencies]
pytest = ">=7.0.0,<9"

[package.extras]
docs = ["sphinx (>=5.3)", "sphinx-rtd-theme (>=1.0)"]
testing = ["coverage (>=6.2)", "hypothesis (>=5.7.1)"]

[extras]
uvloop = []

[metadata]
lock-version = "2.1"
python-versions = "^3.13"
content-hash = "750c4d853c5a50173016baf3e9bdfba40f66e8f6f5594359f9bfb28630d37ab7"
