# This file is automatically @generated by Poetry 2.2.1 and should not be changed by hand.

[[package]]
name = "python-multipart"
version = "0.0.27"
description = "A streaming multipart parser for Python"
optional = false
python-versions = ">=3.10"
groups = ["dev"]
files = [
    {file = "python_multipart-0.0.27-py3-none-any.whl", hash = "sha256:6fccfad17a27334bd0193681b369f476eda3409f17381a2d65aa7df3f7275645"},
    {file = "python_multipart-0.0.27.tar.gz", hash = "sha256:9870a6a8c5a20a5bf4f07c017bd1489006ff8836cff097b6933355ee2b49b602"},
]

[metadata]
lock-version = "2.1"
python-versions = "^3.13"
content-hash = "f36dfcb836776ec6503ffd4610a4e3031c8712460d9486b9a4de999e1b2ba0c8"
