# This file is automatically @generated by Poetry 2.4.1 and should not be changed by hand.

[[package]]
name = "python-multipart"
version = "0.0.31"
description = "A streaming multipart parser for Python"
optional = false
python-versions = ">=3.10"
groups = ["dev"]
files = [
    {file = "python_multipart-0.0.31-py3-none-any.whl", hash = "sha256:8408153d68a9773291fc1da39a8b85a50044bddbabd2dd72e9229776b7b15e28"},
    {file = "python_multipart-0.0.31.tar.gz", hash = "sha256:fc631183bb13e56db3158a4909908dfb2e23565286744e798241e63750e5d680"},
]

[metadata]
lock-version = "2.1"
python-versions = ">=3.13,<3.15"
content-hash = "f36dfcb836776ec6503ffd4610a4e3031c8712460d9486b9a4de999e1b2ba0c8"
