# This file is automatically @generated by Poetry 2.2.1 and should not be changed by hand.

[[package]]
name = "anyio"
version = "4.12.1"
description = "High-level concurrency and networking framework on top of asyncio or Trio"
optional = false
python-versions = ">=3.9"
groups = ["dev"]
files = [
    {file = "anyio-4.12.1-py3-none-any.whl", hash = "sha256:d405828884fc140aa80a3c667b8beed277f1dfedec42ba031bd6ac3db606ab6c"},
    {file = "anyio-4.12.1.tar.gz", hash = "sha256:41cfcc3a4c85d3f05c932da7c26d0201ac36f72abd4435ba90d0464a3ffed703"},
]

[package.dependencies]
idna = ">=2.8"

[package.extras]
trio = ["trio (>=0.31.0) ; python_version < \"3.10\"", "trio (>=0.32.0) ; python_version >= \"3.10\""]

[[package]]
name = "idna"
version = "3.11"
description = "Internationalized Domain Names in Applications (IDNA)"
optional = false
python-versions = ">=3.8"
groups = ["dev"]
files = [
    {file = "idna-3.11-py3-none-any.whl", hash = "sha256:771a87f49d9defaf64091e6e6fe9c18d4833f140bd19464795bc32d966ca37ea"},
    {file = "idna-3.11.tar.gz", hash = "sha256:795dafcc9c04ed0c1fb032c2aa73654d8e8c5023a7df64a53f39190ada629902"},
]

[package.extras]
all = ["flake8 (>=7.1.1)", "mypy (>=1.11.2)", "pytest (>=8.3.2)", "ruff (>=0.6.2)"]

[[package]]
name = "starlette"
version = "0.49.1"
description = "The little ASGI library that shines."
optional = false
python-versions = ">=3.9"
groups = ["dev"]
files = [
    {file = "starlette-0.49.1-py3-none-any.whl", hash = "sha256:d92ce9f07e4a3caa3ac13a79523bd18e3bc0042bb8ff2d759a8e7dd0e1859875"},
    {file = "starlette-0.49.1.tar.gz", hash = "sha256:481a43b71e24ed8c43b11ea02f5353d77840e01480881b8cb5a26b8cae64a8cb"},
]

[package.dependencies]
anyio = ">=3.6.2,<5"

[package.extras]
full = ["httpx (>=0.27.0,<0.29.0)", "itsdangerous", "jinja2", "python-multipart (>=0.0.18)", "pyyaml"]

[metadata]
lock-version = "2.1"
python-versions = ">=3.13,<3.15"
content-hash = "f36dfcb836776ec6503ffd4610a4e3031c8712460d9486b9a4de999e1b2ba0c8"
