# This file is automatically @generated by Poetry 2.4.1 and should not be changed by hand.

[[package]]
name = "idna"
version = "3.15"
description = "Internationalized Domain Names in Applications (IDNA)"
optional = false
python-versions = ">=3.8"
groups = ["dev"]
files = [
    {file = "idna-3.15-py3-none-any.whl", hash = "sha256:048adeaf8c2d788c40fee287673ccaa74c24ffd8dcf09ffa555a2fbb59f10ac8"},
    {file = "idna-3.15.tar.gz", hash = "sha256:ca962446ea538f7092a95e057da437618e886f4d349216d2b1e294abfdb65fdc"},
]

[package.extras]
all = ["mypy (>=1.11.2)", "pytest (>=8.3.2)", "ruff (>=0.6.2)"]

[metadata]
lock-version = "2.1"
python-versions = "^3.13"
content-hash = "f36dfcb836776ec6503ffd4610a4e3031c8712460d9486b9a4de999e1b2ba0c8"
